github.com/mnys176/usage v1.0.2 h1:xZi3j0nk1LPJ2Z8m2GK94tAAxxvxxFSTJRVTm+snMZg=
github.com/mnys176/usage v1.0.2/go.mod h1:6XcvInZnTrwK/s8YepT0Lj1Xte9fJbNR4/dGdC/SKwY=
golang.org/x/mod v0.12.0 h1:rmsUpXtvNzj340zd98LZ4KntptpfRHwpFOHG188oHXc=
golang.org/x/mod v0.12.0/go.mod h1:iBbtSCu2XBx23ZKBPSOrRkjjQPZFPuis4dIYUhu/chs=
